// !$*UTF8*$!
{
	archiveVersion = 1;
	classes = {
	};
	objectVersion = 46;
	objects = {

/* Begin PBXBuildFile section */
		9AD85C731CE8DEF70036AE1E /* AppDelegate.swift in Sources */ = {isa = PBXBuildFile; fileRef = 9AD85C721CE8DEF70036AE1E /* AppDelegate.swift */; };
		9AD85C751CE8DEF70036AE1E /* ViewController.swift in Sources */ = {isa = PBXBuildFile; fileRef = 9AD85C741CE8DEF70036AE1E /* ViewController.swift */; };
		9AD85C781CE8DEF70036AE1E /* Main.storyboard in Resources */ = {isa = PBXBuildFile; fileRef = 9AD85C761CE8DEF70036AE1E /* Main.storyboard */; };
		9AD85C7A1CE8DEF70036AE1E /* Assets.xcassets in Resources */ = {isa = PBXBuildFile; fileRef = 9AD85C791CE8DEF70036AE1E /* Assets.xcassets */; };
		9AD85C7D1CE8DEF70036AE1E /* LaunchScreen.storyboard in Resources */ = {isa = PBXBuildFile; fileRef = 9AD85C7B1CE8DEF70036AE1E /* LaunchScreen.storyboard */; };
/* End PBXBuildFile section */

/* Begin PBXFileReference section */
		9AD85C6F1CE8DEF70036AE1E /* hamburguesas.app */ = {isa = PBXFileReference; explicitFileType = wrapper.application; includeInIndex = 0; path = hamburguesas.app; sourceTree = BUILT_PRODUCTS_DIR; };
		9AD85C721CE8DEF70036AE1E /* AppDelegate.swift */ = {isa = PBXFileReference; lastKnownFileType = sourcecode.swift; path = AppDelegate.swift; sourceTree = "<group>"; };
		9AD85C741CE8DEF70036AE1E /* ViewController.swift */ = {isa = PBXFileReference; lastKnownFileType = sourcecode.swift; path = ViewController.swift; sourceTree = "<group>"; };
		9AD85C771CE8DEF70036AE1E /* Base */ = {isa = PBXFileReference; lastKnownFileType = file.storyboard; name = Base; path = Base.lproj/Main.storyboard; sourceTree = "<group>"; };
		9AD85C791CE8DEF70036AE1E /* Assets.xcassets */ = {isa = PBXFileReference; lastKnownFileType = folder.assetcatalog; path = Assets.xcassets; sourceTree = "<group>"; };
		9AD85C7C1CE8DEF70036AE1E /* Base */ = {isa = PBXFileReference; lastKnownFileType = file.storyboard; name = Base; path = Base.lproj/LaunchScreen.storyboard; sourceTree = "<group>"; };
		9AD85C7E1CE8DEF70036AE1E /* Info.plist */ = {isa = PBXFileReference; lastKnownFileType = text.plist.xml; path = Info.plist; sourceTree = "<group>"; };
/* End PBXFileReference section */

/* Begin PBXFrameworksBuildPhase section */
		9AD85C6C1CE8DEF70036AE1E /* Frameworks */ = {
			isa = PBXFrameworksBuildPhase;
			buildActionMask = 2147483647;
			files = (
			);
			runOnlyForDeploymentPostprocessing = 0;
		};
/* End PBXFrameworksBuildPhase section */

/* Begin PBXGroup section */
		9AD85C661CE8DEF70036AE1E = {
			isa = PBXGroup;
			children = (
				9AD85C711CE8DEF70036AE1E /* hamburguesas */,
				9AD85C701CE8DEF70036AE1E /* Products */,
			);
			sourceTree = "<group>";
		};
		9AD85C701CE8DEF70036AE1E /* Products */ = {
			isa = PBXGroup;
			children = (
				9AD85C6F1CE8DEF70036AE1E /* hamburguesas.app */,
			);
			name = Products;
			sourceTree = "<group>";
		};
		9AD85C711CE8DEF70036AE1E /* hamburguesas */ = {
			isa = PBXGroup;
			children = (
				9AD85C721CE8DEF70036AE1E /* AppDelegate.swift */,
				9AD85C741CE8DEF70036AE1E /* ViewController.swift */,
				9AD85C761CE8DEF70036AE1E /* Main.storyboard */,
				9AD85C791CE8DEF70036AE1E /* Assets.xcassets */,
				9AD85C7B1CE8DEF70036AE1E /* LaunchScreen.storyboard */,
				9AD85C7E1CE8DEF70036AE1E /* Info.plist */,
			);
			path = hamburguesas;
			sourceTree = "<group>";
		};
/* End PBXGroup section */

/* Begin PBXNativeTarget section */
		9AD85C6E1CE8DEF70036AE1E /* hamburguesas */ = {
			isa = PBXNativeTarget;
			buildConfigurationList = 9AD85C811CE8DEF70036AE1E /* Build configuration list for PBXNativeTarget "hamburguesas" */;
			buildPhases = (
				9AD85C6B1CE8DEF70036AE1E /* Sources */,
				9AD85C6C1CE8DEF70036AE1E /* Frameworks */,
				9AD85C6D1CE8DEF70036AE1E /* Resources */,
			);
			buildRules = (
			);
			dependencies = (
			);
			name = hamburguesas;
			productName = hamburguesas;
			productReference = 9AD85C6F1CE8DEF70036AE1E /* hamburguesas.app */;
			productType = "com.apple.product-type.application";
		};
/* End PBXNativeTarget section */

/* Begin PBXProject section */
		9AD85C671CE8DEF70036AE1E /* Project object */ = {
			isa = PBXProject;
			attributes = {
				LastSwiftUpdateCheck = 0730;
				LastUpgradeCheck = 0730;
				ORGANIZATIONNAME = "Jonathan Martin";
				TargetAttributes = {
					9AD85C6E1CE8DEF70036AE1E = {
						CreatedOnToolsVersion = 7.3;
					};
				};
			};
			buildConfigurationList = 9AD85C6A1CE8DEF70036AE1E /* Build configuration list for PBXProject "hamburguesas" */;
			compatibilityVersion = "Xcode 3.2";
			developmentRegion = English;
			hasScannedForEncodings = 0;
			knownRegions = (
				en,
				Base,
			);
			mainGroup = 9AD85C661CE8DEF70036AE1E;
			productRefGroup = 9AD85C701CE8DEF70036AE1E /* Products */;
			projectDirPath = "";
			projectRoot = "";
			targets = (
				9AD85C6E1CE8DEF70036AE1E /* hamburguesas */,
			);
		};
/* End PBXProject section */

/* Begin PBXResourcesBuildPhase section */
		9AD85C6D1CE8DEF70036AE1E /* Resources */ = {
			isa = PBXResourcesBuildPhase;
			buildActionMask = 2147483647;
			files = (
				9AD85C7D1CE8DEF70036AE1E /* LaunchScreen.storyboard in Resources */,
				9AD85C7A1CE8DEF70036AE1E /* Assets.xcassets in Resources */,
				9AD85C781CE8DEF70036AE1E /* Main.storyboard in Resources */,
			);
			runOnlyForDeploymentPostprocessing = 0;
		};
/* End PBXResourcesBuildPhase section */

/* Begin PBXSourcesBuildPhase section */
		9AD85C6B1CE8DEF70036AE1E /* Sources */ = {
			isa = PBXSourcesBuildPhase;
			buildActionMask = 2147483647;
			files = (
				9AD85C751CE8DEF70036AE1E /* ViewController.swift in Sources */,
				9AD85C731CE8DEF70036AE1E /* AppDelegate.swift in Sources */,
			);
			runOnlyForDeploymentPostprocessing = 0;
		};
/* End PBXSourcesBuildPhase section */

/* Begin PBXVariantGroup section */
		9AD85C761CE8DEF70036AE1E /* Main.storyboard */ = {
			isa = PBXVariantGroup;
			children = (
				9AD85C771CE8DEF70036AE1E /* Base */,
			);
			name = Main.storyboard;
			sourceTree = "<group>";
		};
		9AD85C7B1CE8DEF70036AE1E /* LaunchScreen.storyboard */ = {
			isa = PBXVariantGroup;
			children = (
				9AD85C7C1CE8DEF70036AE1E /* Base */,
			);
			name = LaunchScreen.storyboard;
			sourceTree = "<group>";
		};
/* End PBXVariantGroup section */

/* Begin XCBuildConfiguration section */
		9AD85C7F1CE8DEF70036AE1E /* Debug */ = {
			isa = XCBuildConfiguration;
			buildSettings = {
				ALWAYS_SEARCH_USER_PATHS = NO;
				CLANG_ANALYZER_NONNULL = YES;
				CLANG_CXX_LANGUAGE_STANDARD = "gnu++0x";
				CLANG_CXX_LIBRARY = "libc++";
				CLANG_ENABLE_MODULES = YES;
				CLANG_ENABLE_OBJC_ARC = YES;
				CLANG_WARN_BOOL_CONVERSION = YES;
				CLANG_WARN_CONSTANT_CONVERSION = YES;
				CLANG_WARN_DIRECT_OBJC_ISA_USAGE = YES_ERROR;
				CLANG_WARN_EMPTY_BODY = YES;
				CLANG_WARN_ENUM_CONVERSION = YES;
				CLANG_WARN_INT_CONVERSION = YES;
				CLANG_WARN_OBJC_ROOT_CLASS = YES_ERROR;
				CLANG_WARN_UNREACHABLE_CODE = YES;
				CLANG_WARN__DUPLICATE_METHOD_MATCH = YES;
				"CODE_SIGN_IDENTITY[sdk=iphoneos*]" = "iPhone Developer";
				COPY_PHASE_STRIP = NO;
				DEBUG_INFORMATION_FORMAT = dwarf;
				ENABLE_STRICT_OBJC_MSGSEND = YES;
				ENABLE_TESTABILITY = YES;
				GCC_C_LANGUAGE_STANDARD = gnu99;
				GCC_DYNAMIC_NO_PIC = NO;
				GCC_NO_COMMON_BLOCKS = YES;
				GCC_OPTIMIZATION_LEVEL = 0;
				GCC_PREPROCESSOR_DEFINITIONS = (
					"DEBUG=1",
					"$(inherited)",
				);
				GCC_WARN_64_TO_32_BIT_CONVERSION = YES;
				GCC_WARN_ABOUT_RETURN_TYPE = YES_ERROR;
				GCC_WARN_UNDECLARED_SELECTOR = YES;
				GCC_WARN_UNINITIALIZED_AUTOS = YES_AGGRESSIVE;
				GCC_WARN_UNUSED_FUNCTION = YES;
				GCC_WARN_UNUSED_VARIABLE = YES;
				IPHONEOS_DEPLOYMENT_TARGET = 9.3;
				MTL_ENABLE_DEBUG_INFO = YES;
				ONLY_ACTIVE_ARCH = YES;
				SDKROOT = iphoneos;
				SWIFT_OPTIMIZATION_LEVEL = "-Onone";
			};
			name = Debug;
		};
		9AD85C801CE8DEF70036AE1E /* Release */ = {
			isa = XCBuildConfiguration;
			buildSettings = {
				ALWAYS_SEARCH_USER_PATHS = NO;
				CLANG_ANALYZER_NONNULL = YES;
				CLANG_CXX_LANGUAGE_STANDARD = "gnu++0x";
				CLANG_CXX_LIBRARY = "libc++";
				CLANG_ENABLE_MODULES = YES;
				CLANG_ENABLE_OBJC_ARC = YES;
				CLANG_WARN_BOOL_CONVERSION = YES;
				CLANG_WARN_CONSTANT_CONVERSION = YES;
				CLANG_WARN_DIRECT_OBJC_ISA_USAGE = YES_ERROR;
				CLANG_WARN_EMPTY_BODY = YES;
				CLANG_WARN_ENUM_CONVERSION = YES;
				CLANG_WARN_INT_CONVERSION = YES;
				CLANG_WARN_OBJC_ROOT_CLASS = YES_ERROR;
				CLANG_WARN_UNREACHABLE_CODE = YES;
				CLANG_WARN__DUPLICATE_METHOD_MATCH = YES;
				"CODE_SIGN_IDENTITY[sdk=iphoneos*]" = "iPhone Developer";
				COPY_PHASE_STRIP = NO;
				DEBUG_INFORMATION_FORMAT = "dwarf-with-dsym";
				ENABLE_NS_ASSERTIONS = NO;
				ENABLE_STRICT_OBJC_MSGSEND = YES;
				GCC_C_LANGUAGE_STANDARD = gnu99;
				GCC_NO_COMMON_BLOCKS = YES;
				GCC_WARN_64_TO_32_BIT_CONVERSION = YES;
				GCC_WARN_ABOUT_RETURN_TYPE = YES_ERROR;
				GCC_WARN_UNDECLARED_SELECTOR = YES;
				GCC_WARN_UNINITIALIZED_AUTOS = YES_AGGRESSIVE;
				GCC_WARN_UNUSED_FUNCTION = YES;
				GCC_WARN_UNUSED_VARIABLE = YES;
				IPHONEOS_DEPLOYMENT_TARGET = 9.3;
				MTL_ENABLE_DEBUG_INFO = NO;
				SDKROOT = iphoneos;
				VALIDATE_PRODUCT = YES;
			};
			name = Release;
		};
		9AD85C821CE8DEF70036AE1E /* Debug */ = {
			isa = XCBuildConfiguration;
			buildSettings = {
				ASSETCATALOG_COMPILER_APPICON_NAME = AppIcon;
				INFOPLIST_FILE = hamburguesas/Info.plist;
				LD_RUNPATH_SEARCH_PATHS = "$(inherited) @executable_path/Frameworks";
				PRODUCT_BUNDLE_IDENTIFIER = es.jonathan.hamburguesas;
				PRODUCT_NAME = "$(TARGET_NAME)";
			};
			name = Debug;
		};
		9AD85C831CE8DEF70036AE1E /* Release */ = {
			isa = XCBuildConfiguration;
			buildSettings = {
				ASSETCATALOG_COMPILER_APPICON_NAME = AppIcon;
				INFOPLIST_FILE = hamburguesas/Info.plist;
				LD_RUNPATH_SEARCH_PATHS = "$(inherited) @executable_path/Frameworks";
				PRODUCT_BUNDLE_IDENTIFIER = es.jonathan.hamburguesas;
				PRODUCT_NAME = "$(TARGET_NAME)";
			};
			name = Release;
		};
/* End XCBuildConfiguration section */

/* Begin XCConfigurationList section */
		9AD85C6A1CE8DEF70036AE1E /* Build configuration list for PBXProject "hamburguesas" */ = {
			isa = XCConfigurationList;
			buildConfigurations = (
				9AD85C7F1CE8DEF70036AE1E /* Debug */,
				9AD85C801CE8DEF70036AE1E /* Release */,
			);
			defaultConfigurationIsVisible = 0;
			defaultConfigurationName = Release;
		};
		9AD85C811CE8DEF70036AE1E /* Build configuration list for PBXNativeTarget "hamburguesas" */ = {
			isa = XCConfigurationList;
			buildConfigurations = (
				9AD85C821CE8DEF70036AE1E /* Debug */,
				9AD85C831CE8DEF70036AE1E /* Release */,
			);
			defaultConfigurationIsVisible = 0;
		};
/* End XCConfigurationList section */
	};
	rootObject = 9AD85C671CE8DEF70036AE1E /* Project object */;
}
